
Microsoft Visual Studio Solution File, Format Version 12.00
# Visual Studio Version 17
VisualStudioVersion = 17.4.33205.214
MinimumVisualStudioVersion = 10.0.40219.1
Project("{FAE04EC0-301F-11D3-BF4B-00C04F79EFBC}") = "ECommerceProject.WEB", "ECommerceProject.WEB\ECommerceProject.WEB.csproj", "{D5CA893C-7598-4468-BF95-473CC701AFA4}"
EndProject
Project("{FAE04EC0-301F-11D3-BF4B-00C04F79EFBC}") = "ECommerceProject.Entity", "ECommerceProject.Entity\ECommerceProject.Entity.csproj", "{3ED1C28C-4246-45C4-8931-071FF18B63F2}"
EndProject
Project("{FAE04EC0-301F-11D3-BF4B-00C04F79EFBC}") = "ECommerceProject.DataAccess", "ECommerceProject.DataAccess\ECommerceProject.DataAccess.csproj", "{AE9C3535-B0C8-44C2-8E67-302418E72352}"
EndProject
Project("{FAE04EC0-301F-11D3-BF4B-00C04F79EFBC}") = "ECommerceProject.Business", "ECommerceProject.Business\ECommerceProject.Business.csproj", "{653AE8F6-F2A4-4C02-94E1-4C0E54DC32CE}"
EndProject
Global
	GlobalSection(SolutionConfigurationPlatforms) = preSolution
		Debug|Any CPU = Debug|Any CPU
		Release|Any CPU = Release|Any CPU
	EndGlobalSection
	GlobalSection(ProjectConfigurationPlatforms) = postSolution
		{D5CA893C-7598-4468-BF95-473CC701AFA4}.Debug|Any CPU.ActiveCfg = Debug|Any CPU
		{D5CA893C-7598-4468-BF95-473CC701AFA4}.Debug|Any CPU.Build.0 = Debug|Any CPU
		{D5CA893C-7598-4468-BF95-473CC701AFA4}.Release|Any CPU.ActiveCfg = Release|Any CPU
		{D5CA893C-7598-4468-BF95-473CC701AFA4}.Release|Any CPU.Build.0 = Release|Any CPU
		{3ED1C28C-4246-45C4-8931-071FF18B63F2}.Debug|Any CPU.ActiveCfg = Debug|Any CPU
		{3ED1C28C-4246-45C4-8931-071FF18B63F2}.Debug|Any CPU.Build.0 = Debug|Any CPU
		{3ED1C28C-4246-45C4-8931-071FF18B63F2}.Release|Any CPU.ActiveCfg = Release|Any CPU
		{3ED1C28C-4246-45C4-8931-071FF18B63F2}.Release|Any CPU.Build.0 = Release|Any CPU
		{AE9C3535-B0C8-44C2-8E67-302418E72352}.Debug|Any CPU.ActiveCfg = Debug|Any CPU
		{AE9C3535-B0C8-44C2-8E67-302418E72352}.Debug|Any CPU.Build.0 = Debug|Any CPU
		{AE9C3535-B0C8-44C2-8E67-302418E72352}.Release|Any CPU.ActiveCfg = Release|Any CPU
		{AE9C3535-B0C8-44C2-8E67-302418E72352}.Release|Any CPU.Build.0 = Release|Any CPU
		{653AE8F6-F2A4-4C02-94E1-4C0E54DC32CE}.Debug|Any CPU.ActiveCfg = Debug|Any CPU
		{653AE8F6-F2A4-4C02-94E1-4C0E54DC32CE}.Debug|Any CPU.Build.0 = Debug|Any CPU
		{653AE8F6-F2A4-4C02-94E1-4C0E54DC32CE}.Release|Any CPU.ActiveCfg = Release|Any CPU
		{653AE8F6-F2A4-4C02-94E1-4C0E54DC32CE}.Release|Any CPU.Build.0 = Release|Any CPU
	EndGlobalSection
	GlobalSection(SolutionProperties) = preSolution
		HideSolutionNode = FALSE
	EndGlobalSection
	GlobalSection(ExtensibilityGlobals) = postSolution
		SolutionGuid = {394A256B-549C-4A67-84D8-6A0828289F38}
	EndGlobalSection
EndGlobal
